
Microsoft Visual Studio Solution File, Format Version 12.00
# Visual Studio 15
VisualStudioVersion = 15.0.26730.15
MinimumVisualStudioVersion = 10.0.40219.1
Project("{FAE04EC0-301F-11D3-BF4B-00C04F79EFBC}") = "01. Convert from base-10 to base-N", "01. Convert from base-10 to base-N\01. Convert from base-10 to base-N.csproj", "{CF8222E6-AB21-4054-973D-B4ADDE45350F}"
EndProject
Project("{FAE04EC0-301F-11D3-BF4B-00C04F79EFBC}") = "02. Convert from base-N to base-10", "02. Convert from base-N to base-10\02. Convert from base-N to base-10.csproj", "{9BCCE413-26D7-4553-AF97-88D3529F3519}"
EndProject
Project("{FAE04EC0-301F-11D3-BF4B-00C04F79EFBC}") = "03. Unicode Characters", "03. Unicode Characters\03. Unicode Characters.csproj", "{65D3FA85-C646-4553-858C-802FD15247A0}"
EndProject
Project("{FAE04EC0-301F-11D3-BF4B-00C04F79EFBC}") = "04. Character Multiplier", "04. Character Multiplier\04. Character Multiplier.csproj", "{4744F049-D7D6-417E-A5A1-C48F71976A24}"
EndProject
Project("{FAE04EC0-301F-11D3-BF4B-00C04F79EFBC}") = "05. Magic exchangeable words", "05. Magic exchangeable words\05. Magic exchangeable words.csproj", "{8FC6F1E9-DDAF-4D99-B762-997DE9BF45A6}"
EndProject
Project("{FAE04EC0-301F-11D3-BF4B-00C04F79EFBC}") = "06. Sum big numbers", "06. Sum big numbers\06. Sum big numbers.csproj", "{1AB993FE-DB2E-4215-B4D1-3A1489E6502D}"
EndProject
Project("{FAE04EC0-301F-11D3-BF4B-00C04F79EFBC}") = "test", "test\test.csproj", "{8819290B-E2C4-48B5-B0AC-D2EF478BD05B}"
EndProject
Global
	GlobalSection(SolutionConfigurationPlatforms) = preSolution
		Debug|Any CPU = Debug|Any CPU
		Release|Any CPU = Release|Any CPU
	EndGlobalSection
	GlobalSection(ProjectConfigurationPlatforms) = postSolution
		{CF8222E6-AB21-4054-973D-B4ADDE45350F}.Debug|Any CPU.ActiveCfg = Debug|Any CPU
		{CF8222E6-AB21-4054-973D-B4ADDE45350F}.Debug|Any CPU.Build.0 = Debug|Any CPU
		{CF8222E6-AB21-4054-973D-B4ADDE45350F}.Release|Any CPU.ActiveCfg = Release|Any CPU
		{CF8222E6-AB21-4054-973D-B4ADDE45350F}.Release|Any CPU.Build.0 = Release|Any CPU
		{9BCCE413-26D7-4553-AF97-88D3529F3519}.Debug|Any CPU.ActiveCfg = Debug|Any CPU
		{9BCCE413-26D7-4553-AF97-88D3529F3519}.Debug|Any CPU.Build.0 = Debug|Any CPU
		{9BCCE413-26D7-4553-AF97-88D3529F3519}.Release|Any CPU.ActiveCfg = Release|Any CPU
		{9BCCE413-26D7-4553-AF97-88D3529F3519}.Release|Any CPU.Build.0 = Release|Any CPU
		{65D3FA85-C646-4553-858C-802FD15247A0}.Debug|Any CPU.ActiveCfg = Debug|Any CPU
		{65D3FA85-C646-4553-858C-802FD15247A0}.Debug|Any CPU.Build.0 = Debug|Any CPU
		{65D3FA85-C646-4553-858C-802FD15247A0}.Release|Any CPU.ActiveCfg = Release|Any CPU
		{65D3FA85-C646-4553-858C-802FD15247A0}.Release|Any CPU.Build.0 = Release|Any CPU
		{4744F049-D7D6-417E-A5A1-C48F71976A24}.Debug|Any CPU.ActiveCfg = Debug|Any CPU
		{4744F049-D7D6-417E-A5A1-C48F71976A24}.Debug|Any CPU.Build.0 = Debug|Any CPU
		{4744F049-D7D6-417E-A5A1-C48F71976A24}.Release|Any CPU.ActiveCfg = Release|Any CPU
		{4744F049-D7D6-417E-A5A1-C48F71976A24}.Release|Any CPU.Build.0 = Release|Any CPU
		{8FC6F1E9-DDAF-4D99-B762-997DE9BF45A6}.Debug|Any CPU.ActiveCfg = Debug|Any CPU
		{8FC6F1E9-DDAF-4D99-B762-997DE9BF45A6}.Debug|Any CPU.Build.0 = Debug|Any CPU
		{8FC6F1E9-DDAF-4D99-B762-997DE9BF45A6}.Release|Any CPU.ActiveCfg = Release|Any CPU
		{8FC6F1E9-DDAF-4D99-B762-997DE9BF45A6}.Release|Any CPU.Build.0 = Release|Any CPU
		{1AB993FE-DB2E-4215-B4D1-3A1489E6502D}.Debug|Any CPU.ActiveCfg = Debug|Any CPU
		{1AB993FE-DB2E-4215-B4D1-3A1489E6502D}.Debug|Any CPU.Build.0 = Debug|Any CPU
		{1AB993FE-DB2E-4215-B4D1-3A1489E6502D}.Release|Any CPU.ActiveCfg = Release|Any CPU
		{1AB993FE-DB2E-4215-B4D1-3A1489E6502D}.Release|Any CPU.Build.0 = Release|Any CPU
		{8819290B-E2C4-48B5-B0AC-D2EF478BD05B}.Debug|Any CPU.ActiveCfg = Debug|Any CPU
		{8819290B-E2C4-48B5-B0AC-D2EF478BD05B}.Debug|Any CPU.Build.0 = Debug|Any CPU
		{8819290B-E2C4-48B5-B0AC-D2EF478BD05B}.Release|Any CPU.ActiveCfg = Release|Any CPU
		{8819290B-E2C4-48B5-B0AC-D2EF478BD05B}.Release|Any CPU.Build.0 = Release|Any CPU
	EndGlobalSection
	GlobalSection(SolutionProperties) = preSolution
		HideSolutionNode = FALSE
	EndGlobalSection
	GlobalSection(ExtensibilityGlobals) = postSolution
		SolutionGuid = {92A7538C-C2DD-4DB0-8540-F4FEF38FA0CA}
	EndGlobalSection
EndGlobal
