
Microsoft Visual Studio Solution File, Format Version 12.00
# Visual Studio 15
VisualStudioVersion = 15.0.27004.2010
MinimumVisualStudioVersion = 10.0.40219.1
Project("{FAE04EC0-301F-11D3-BF4B-00C04F79EFBC}") = "Blog", "Blog\Blog.csproj", "{7EE7F23B-56E0-4550-AA84-A95D3D175C6F}"
EndProject
Global
	GlobalSection(SolutionConfigurationPlatforms) = preSolution
		Debug|Any CPU = Debug|Any CPU
		Release|Any CPU = Release|Any CPU
	EndGlobalSection
	GlobalSection(ProjectConfigurationPlatforms) = postSolution
		{7EE7F23B-56E0-4550-AA84-A95D3D175C6F}.Debug|Any CPU.ActiveCfg = Debug|Any CPU
		{7EE7F23B-56E0-4550-AA84-A95D3D175C6F}.Debug|Any CPU.Build.0 = Debug|Any CPU
		{7EE7F23B-56E0-4550-AA84-A95D3D175C6F}.Release|Any CPU.ActiveCfg = Release|Any CPU
		{7EE7F23B-56E0-4550-AA84-A95D3D175C6F}.Release|Any CPU.Build.0 = Release|Any CPU
	EndGlobalSection
	GlobalSection(SolutionProperties) = preSolution
		HideSolutionNode = FALSE
	EndGlobalSection
	GlobalSection(ExtensibilityGlobals) = postSolution
		SolutionGuid = {FA063382-AE67-4A6C-9238-AFD57176E873}
	EndGlobalSection
EndGlobal
