
Microsoft Visual Studio Solution File, Format Version 12.00
# Visual Studio 15
VisualStudioVersion = 15.0.26730.15
MinimumVisualStudioVersion = 10.0.40219.1
Project("{FAE04EC0-301F-11D3-BF4B-00C04F79EFBC}") = "01.Debit Card Number", "01.Debit Card Number\01.Debit Card Number.csproj", "{19677285-0370-49B5-944F-08069D986859}"
EndProject
Project("{FAE04EC0-301F-11D3-BF4B-00C04F79EFBC}") = "02. Rectangle Area", "02. Rectangle Area\02. Rectangle Area.csproj", "{E28FFD42-A3B6-46C2-BD9F-BD9871D0D13A}"
EndProject
Project("{FAE04EC0-301F-11D3-BF4B-00C04F79EFBC}") = "03. Miles to Kilometers", "03. Miles to Kilometers\03. Miles to Kilometers.csproj", "{14D1BE9D-8508-41B5-8C2B-675F700B6E58}"
EndProject
Project("{FAE04EC0-301F-11D3-BF4B-00C04F79EFBC}") = "04. Beverage Labels", "04. Beverage Labels\04. Beverage Labels.csproj", "{C27987B2-720C-4A79-BBA8-5B77081199EA}"
EndProject
Project("{FAE04EC0-301F-11D3-BF4B-00C04F79EFBC}") = "05. Character Stats", "05. Character Stats\05. Character Stats.csproj", "{3862BD18-151C-4496-8B2F-8843BAF94444}"
EndProject
Global
	GlobalSection(SolutionConfigurationPlatforms) = preSolution
		Debug|Any CPU = Debug|Any CPU
		Release|Any CPU = Release|Any CPU
	EndGlobalSection
	GlobalSection(ProjectConfigurationPlatforms) = postSolution
		{19677285-0370-49B5-944F-08069D986859}.Debug|Any CPU.ActiveCfg = Debug|Any CPU
		{19677285-0370-49B5-944F-08069D986859}.Debug|Any CPU.Build.0 = Debug|Any CPU
		{19677285-0370-49B5-944F-08069D986859}.Release|Any CPU.ActiveCfg = Release|Any CPU
		{19677285-0370-49B5-944F-08069D986859}.Release|Any CPU.Build.0 = Release|Any CPU
		{E28FFD42-A3B6-46C2-BD9F-BD9871D0D13A}.Debug|Any CPU.ActiveCfg = Debug|Any CPU
		{E28FFD42-A3B6-46C2-BD9F-BD9871D0D13A}.Debug|Any CPU.Build.0 = Debug|Any CPU
		{E28FFD42-A3B6-46C2-BD9F-BD9871D0D13A}.Release|Any CPU.ActiveCfg = Release|Any CPU
		{E28FFD42-A3B6-46C2-BD9F-BD9871D0D13A}.Release|Any CPU.Build.0 = Release|Any CPU
		{14D1BE9D-8508-41B5-8C2B-675F700B6E58}.Debug|Any CPU.ActiveCfg = Debug|Any CPU
		{14D1BE9D-8508-41B5-8C2B-675F700B6E58}.Debug|Any CPU.Build.0 = Debug|Any CPU
		{14D1BE9D-8508-41B5-8C2B-675F700B6E58}.Release|Any CPU.ActiveCfg = Release|Any CPU
		{14D1BE9D-8508-41B5-8C2B-675F700B6E58}.Release|Any CPU.Build.0 = Release|Any CPU
		{C27987B2-720C-4A79-BBA8-5B77081199EA}.Debug|Any CPU.ActiveCfg = Debug|Any CPU
		{C27987B2-720C-4A79-BBA8-5B77081199EA}.Debug|Any CPU.Build.0 = Debug|Any CPU
		{C27987B2-720C-4A79-BBA8-5B77081199EA}.Release|Any CPU.ActiveCfg = Release|Any CPU
		{C27987B2-720C-4A79-BBA8-5B77081199EA}.Release|Any CPU.Build.0 = Release|Any CPU
		{3862BD18-151C-4496-8B2F-8843BAF94444}.Debug|Any CPU.ActiveCfg = Debug|Any CPU
		{3862BD18-151C-4496-8B2F-8843BAF94444}.Debug|Any CPU.Build.0 = Debug|Any CPU
		{3862BD18-151C-4496-8B2F-8843BAF94444}.Release|Any CPU.ActiveCfg = Release|Any CPU
		{3862BD18-151C-4496-8B2F-8843BAF94444}.Release|Any CPU.Build.0 = Release|Any CPU
	EndGlobalSection
	GlobalSection(SolutionProperties) = preSolution
		HideSolutionNode = FALSE
	EndGlobalSection
	GlobalSection(ExtensibilityGlobals) = postSolution
		SolutionGuid = {DEAABAE0-2E90-4611-8F4E-549C6F270307}
	EndGlobalSection
EndGlobal
