
Microsoft Visual Studio Solution File, Format Version 12.00
# Visual Studio 15
VisualStudioVersion = 15.0.26730.15
MinimumVisualStudioVersion = 10.0.40219.1
Project("{FAE04EC0-301F-11D3-BF4B-00C04F79EFBC}") = "01.Most Frequent Number", "01.Most Frequent Number\01.Most Frequent Number.csproj", "{7867F3F8-0FE4-4215-BADC-2BE2FA85B5C4}"
EndProject
Project("{FAE04EC0-301F-11D3-BF4B-00C04F79EFBC}") = "02.Index of Letters", "02.Index of Letters\02.Index of Letters.csproj", "{EC970C7D-0856-4956-AFEB-858D387C1D1A}"
EndProject
Project("{FAE04EC0-301F-11D3-BF4B-00C04F79EFBC}") = "03.Equal Sums", "03.Equal Sums\03.Equal Sums.csproj", "{DCA4A499-1FA2-443A-AD60-BC80C7D0E4FB}"
EndProject
Project("{FAE04EC0-301F-11D3-BF4B-00C04F79EFBC}") = "04.Max Sequence", "04.Max Sequence\04.Max Sequence.csproj", "{23A63CA7-E90A-407F-9990-BB1C29CFA4A7}"
EndProject
Project("{FAE04EC0-301F-11D3-BF4B-00C04F79EFBC}") = "05. Miner Task", "05. Miner Task\05. Miner Task.csproj", "{A35DCB13-C240-45F2-A19F-32CA3D169A3F}"
EndProject
Project("{FAE04EC0-301F-11D3-BF4B-00C04F79EFBC}") = "06.Fix Emails", "06.Fix Emails\06.Fix Emails.csproj", "{4C3FD6AE-D60B-4F47-A891-6A3C21A812B1}"
EndProject
Project("{FAE04EC0-301F-11D3-BF4B-00C04F79EFBC}") = "07.7. Advertisement Message", "07.7. Advertisement Message\07.7. Advertisement Message.csproj", "{C2AA028F-4C01-4B01-94B3-D87C85723688}"
EndProject
Project("{FAE04EC0-301F-11D3-BF4B-00C04F79EFBC}") = "08.Average Grades", "08.Average Grades\08.Average Grades.csproj", "{E3936CED-0567-47F3-B6BE-13CC81D2C2E0}"
EndProject
Project("{FAE04EC0-301F-11D3-BF4B-00C04F79EFBC}") = "09.Book Library", "09.Book Library\09.Book Library.csproj", "{925DDC86-ECB8-4AC4-B565-5216E64FBB2C}"
EndProject
Project("{FAE04EC0-301F-11D3-BF4B-00C04F79EFBC}") = "10.Book Library Modification", "10.Book Library Modification\10.Book Library Modification.csproj", "{612FDA34-0DA5-4512-BC50-0D23C89CB373}"
EndProject
Global
	GlobalSection(SolutionConfigurationPlatforms) = preSolution
		Debug|Any CPU = Debug|Any CPU
		Release|Any CPU = Release|Any CPU
	EndGlobalSection
	GlobalSection(ProjectConfigurationPlatforms) = postSolution
		{7867F3F8-0FE4-4215-BADC-2BE2FA85B5C4}.Debug|Any CPU.ActiveCfg = Debug|Any CPU
		{7867F3F8-0FE4-4215-BADC-2BE2FA85B5C4}.Debug|Any CPU.Build.0 = Debug|Any CPU
		{7867F3F8-0FE4-4215-BADC-2BE2FA85B5C4}.Release|Any CPU.ActiveCfg = Release|Any CPU
		{7867F3F8-0FE4-4215-BADC-2BE2FA85B5C4}.Release|Any CPU.Build.0 = Release|Any CPU
		{EC970C7D-0856-4956-AFEB-858D387C1D1A}.Debug|Any CPU.ActiveCfg = Debug|Any CPU
		{EC970C7D-0856-4956-AFEB-858D387C1D1A}.Debug|Any CPU.Build.0 = Debug|Any CPU
		{EC970C7D-0856-4956-AFEB-858D387C1D1A}.Release|Any CPU.ActiveCfg = Release|Any CPU
		{EC970C7D-0856-4956-AFEB-858D387C1D1A}.Release|Any CPU.Build.0 = Release|Any CPU
		{DCA4A499-1FA2-443A-AD60-BC80C7D0E4FB}.Debug|Any CPU.ActiveCfg = Debug|Any CPU
		{DCA4A499-1FA2-443A-AD60-BC80C7D0E4FB}.Debug|Any CPU.Build.0 = Debug|Any CPU
		{DCA4A499-1FA2-443A-AD60-BC80C7D0E4FB}.Release|Any CPU.ActiveCfg = Release|Any CPU
		{DCA4A499-1FA2-443A-AD60-BC80C7D0E4FB}.Release|Any CPU.Build.0 = Release|Any CPU
		{23A63CA7-E90A-407F-9990-BB1C29CFA4A7}.Debug|Any CPU.ActiveCfg = Debug|Any CPU
		{23A63CA7-E90A-407F-9990-BB1C29CFA4A7}.Debug|Any CPU.Build.0 = Debug|Any CPU
		{23A63CA7-E90A-407F-9990-BB1C29CFA4A7}.Release|Any CPU.ActiveCfg = Release|Any CPU
		{23A63CA7-E90A-407F-9990-BB1C29CFA4A7}.Release|Any CPU.Build.0 = Release|Any CPU
		{A35DCB13-C240-45F2-A19F-32CA3D169A3F}.Debug|Any CPU.ActiveCfg = Debug|Any CPU
		{A35DCB13-C240-45F2-A19F-32CA3D169A3F}.Debug|Any CPU.Build.0 = Debug|Any CPU
		{A35DCB13-C240-45F2-A19F-32CA3D169A3F}.Release|Any CPU.ActiveCfg = Release|Any CPU
		{A35DCB13-C240-45F2-A19F-32CA3D169A3F}.Release|Any CPU.Build.0 = Release|Any CPU
		{4C3FD6AE-D60B-4F47-A891-6A3C21A812B1}.Debug|Any CPU.ActiveCfg = Debug|Any CPU
		{4C3FD6AE-D60B-4F47-A891-6A3C21A812B1}.Debug|Any CPU.Build.0 = Debug|Any CPU
		{4C3FD6AE-D60B-4F47-A891-6A3C21A812B1}.Release|Any CPU.ActiveCfg = Release|Any CPU
		{4C3FD6AE-D60B-4F47-A891-6A3C21A812B1}.Release|Any CPU.Build.0 = Release|Any CPU
		{C2AA028F-4C01-4B01-94B3-D87C85723688}.Debug|Any CPU.ActiveCfg = Debug|Any CPU
		{C2AA028F-4C01-4B01-94B3-D87C85723688}.Debug|Any CPU.Build.0 = Debug|Any CPU
		{C2AA028F-4C01-4B01-94B3-D87C85723688}.Release|Any CPU.ActiveCfg = Release|Any CPU
		{C2AA028F-4C01-4B01-94B3-D87C85723688}.Release|Any CPU.Build.0 = Release|Any CPU
		{E3936CED-0567-47F3-B6BE-13CC81D2C2E0}.Debug|Any CPU.ActiveCfg = Debug|Any CPU
		{E3936CED-0567-47F3-B6BE-13CC81D2C2E0}.Debug|Any CPU.Build.0 = Debug|Any CPU
		{E3936CED-0567-47F3-B6BE-13CC81D2C2E0}.Release|Any CPU.ActiveCfg = Release|Any CPU
		{E3936CED-0567-47F3-B6BE-13CC81D2C2E0}.Release|Any CPU.Build.0 = Release|Any CPU
		{925DDC86-ECB8-4AC4-B565-5216E64FBB2C}.Debug|Any CPU.ActiveCfg = Debug|Any CPU
		{925DDC86-ECB8-4AC4-B565-5216E64FBB2C}.Debug|Any CPU.Build.0 = Debug|Any CPU
		{925DDC86-ECB8-4AC4-B565-5216E64FBB2C}.Release|Any CPU.ActiveCfg = Release|Any CPU
		{925DDC86-ECB8-4AC4-B565-5216E64FBB2C}.Release|Any CPU.Build.0 = Release|Any CPU
		{612FDA34-0DA5-4512-BC50-0D23C89CB373}.Debug|Any CPU.ActiveCfg = Debug|Any CPU
		{612FDA34-0DA5-4512-BC50-0D23C89CB373}.Debug|Any CPU.Build.0 = Debug|Any CPU
		{612FDA34-0DA5-4512-BC50-0D23C89CB373}.Release|Any CPU.ActiveCfg = Release|Any CPU
		{612FDA34-0DA5-4512-BC50-0D23C89CB373}.Release|Any CPU.Build.0 = Release|Any CPU
	EndGlobalSection
	GlobalSection(SolutionProperties) = preSolution
		HideSolutionNode = FALSE
	EndGlobalSection
	GlobalSection(ExtensibilityGlobals) = postSolution
		SolutionGuid = {580CBA22-4C6A-4F2F-B214-D4002EB85FC4}
	EndGlobalSection
EndGlobal
